{
  "name": "docker-auth",
  "version": "1.0.0",
  "lockfileVersion": 1,
  "requires": true,
  "dependencies": {
    "@types/bcryptjs": {
      "version": "2.4.2",
      "resolved": "https://registry.npmjs.org/@types/bcryptjs/-/bcryptjs-2.4.2.tgz",
      "integrity": "sha512-LiMQ6EOPob/4yUL66SZzu6Yh77cbzJFYll+ZfaPiPPFswtIlA/Fs1MzdKYA7JApHU49zQTbJGX3PDmCpIdDBRQ==",
      "dev": true
    },
    "@types/body-parser": {
      "version": "1.17.1",
      "resolved": "https://registry.npmjs.org/@types/body-parser/-/body-parser-1.17.1.tgz",
      "integrity": "sha512-RoX2EZjMiFMjZh9lmYrwgoP9RTpAjSHiJxdp4oidAQVO02T7HER3xj9UKue5534ULWeqVEkujhWcyvUce+d68w==",
      "dev": true,
      "requires": {
        "@types/connect": "*",
        "@types/node": "*"
      }
    },
    "@types/bson": {
      "version": "4.0.0",
      "resolved": "https://registry.npmjs.org/@types/bson/-/bson-4.0.0.tgz",
      "integrity": "sha512-pq/rqJwJWkbS10crsG5bgnrisL8pML79KlMKQMoQwLUjlPAkrUHMvHJ3oGwE7WHR61Lv/nadMwXVAD2b+fpD8Q==",
      "dev": true,
      "requires": {
        "@types/node": "*"
      }
    },
    "@types/connect": {
      "version": "3.4.32",
      "resolved": "https://registry.npmjs.org/@types/connect/-/connect-3.4.32.tgz",
      "integrity": "sha512-4r8qa0quOvh7lGD0pre62CAb1oni1OO6ecJLGCezTmhQ8Fz50Arx9RUszryR8KlgK6avuSXvviL6yWyViQABOg==",
      "dev": true,
      "requires": {
        "@types/node": "*"
      }
    },
    "@types/cors": {
      "version": "2.8.6",
      "resolved": "https://registry.npmjs.org/@types/cors/-/cors-2.8.6.tgz",
      "integrity": "sha512-invOmosX0DqbpA+cE2yoHGUlF/blyf7nB0OGYBBiH27crcVm5NmFaZkLP4Ta1hGaesckCi5lVLlydNJCxkTOSg==",
      "dev": true,
      "requires": {
        "@types/express": "*"
      }
    },
    "@types/express": {
      "version": "4.17.2",
      "resolved": "https://registry.npmjs.org/@types/express/-/express-4.17.2.tgz",
      "integrity": "sha512-5mHFNyavtLoJmnusB8OKJ5bshSzw+qkMIBAobLrIM48HJvunFva9mOa6aBwh64lBFyNwBbs0xiEFuj4eU/NjCA==",
      "dev": true,
      "requires": {
        "@types/body-parser": "*",
        "@types/express-serve-static-core": "*",
        "@types/serve-static": "*"
      }
    },
    "@types/express-serve-static-core": {
      "version": "4.16.11",
      "resolved": "https://registry.npmjs.org/@types/express-serve-static-core/-/express-serve-static-core-4.16.11.tgz",
      "integrity": "sha512-K8d2M5t3tBQimkyaYTXxtHYyoJPUEhy2/omVRnTAKw5FEdT+Ft6lTaTOpoJdHeG+mIwQXXtqiTcYZ6IR8LTzjQ==",
      "dev": true,
      "requires": {
        "@types/node": "*",
        "@types/range-parser": "*"
      }
    },
    "@types/express-validator": {
      "version": "3.0.0",
      "resolved": "https://registry.npmjs.org/@types/express-validator/-/express-validator-3.0.0.tgz",
      "integrity": "sha512-LusnB0YhTXpBT25PXyGPQlK7leE1e41Vezq1hHEUwjfkopM1Pkv2X2Ppxqh9c+w/HZ6Udzki8AJotKNjDTGdkQ==",
      "dev": true,
      "requires": {
        "express-validator": "*"
      }
    },
    "@types/jsonwebtoken": {
      "version": "8.3.5",
      "resolved": "https://registry.npmjs.org/@types/jsonwebtoken/-/jsonwebtoken-8.3.5.tgz",
      "integrity": "sha512-VGM1gb+LwsQ5EPevvbvdnKncajBdYqNcrvixBif1BsiDQiSF1q+j4bBTvKC6Bt9n2kqNSx+yNTY2TVJ360E7EQ==",
      "dev": true,
      "requires": {
        "@types/node": "*"
      }
    },
    "@types/mime": {
      "version": "2.0.1",
      "resolved": "https://registry.npmjs.org/@types/mime/-/mime-2.0.1.tgz",
      "integrity": "sha512-FwI9gX75FgVBJ7ywgnq/P7tw+/o1GUbtP0KzbtusLigAOgIgNISRK0ZPl4qertvXSIE8YbsVJueQ90cDt9YYyw==",
      "dev": true
    },
    "@types/mongodb": {
      "version": "3.3.10",
      "resolved": "https://registry.npmjs.org/@types/mongodb/-/mongodb-3.3.10.tgz",
      "integrity": "sha512-0irlIjqs0UVcs+1ih7qdA9Rs4gkN9hBX7PI6IBWYu/kcMQ52L+oLW19gKT8wBJD2uMBkgT4mVKDmEo6ygObnHA==",
      "dev": true,
      "requires": {
        "@types/bson": "*",
        "@types/node": "*"
      }
    },
    "@types/mongoose": {
      "version": "5.5.30",
      "resolved": "https://registry.npmjs.org/@types/mongoose/-/mongoose-5.5.30.tgz",
      "integrity": "sha512-LQ7Q/MoRLhtYn1zGefsTrobeg4hieXe6MGYM2plbZHhqf4Ud1zRuEwjDQIjCgDIyMPnACiyCvPMTyzHaoSp0SA==",
      "dev": true,
      "requires": {
        "@types/mongodb": "*",
        "@types/node": "*"
      }
    },
    "@types/node": {
      "version": "12.12.7",
      "resolved": "https://registry.npmjs.org/@types/node/-/node-12.12.7.tgz",
      "integrity": "sha512-E6Zn0rffhgd130zbCbAr/JdXfXkoOUFAKNs/rF8qnafSJ8KYaA/j3oz7dcwal+lYjLA7xvdd5J4wdYpCTlP8+w==",
      "dev": true
    },
    "@types/passport": {
      "version": "1.0.1",
      "resolved": "https://registry.npmjs.org/@types/passport/-/passport-1.0.1.tgz",
      "integrity": "sha512-oK87JjN8i8kmqb0RN0sCUB/ZjrWf3b8U45eAzZVy1ssYYgBrMOuALmvoqp7MglsilXAjxum+LS29VQqeQx6ddA==",
      "dev": true,
      "requires": {
        "@types/express": "*"
      }
    },
    "@types/passport-jwt": {
      "version": "3.0.3",
      "resolved": "https://registry.npmjs.org/@types/passport-jwt/-/passport-jwt-3.0.3.tgz",
      "integrity": "sha512-RlOCXiTitE8kazj9jZc6/BfGCSqnv2w/eYPDm3+3iNsquHn7ratu7oIUskZx9ZtnwMdpvdpy+Z/QYClocH5NvQ==",
      "dev": true,
      "requires": {
        "@types/express": "*",
        "@types/jsonwebtoken": "*",
        "@types/passport-strategy": "*"
      }
    },
    "@types/passport-strategy": {
      "version": "0.2.35",
      "resolved": "https://registry.npmjs.org/@types/passport-strategy/-/passport-strategy-0.2.35.tgz",
      "integrity": "sha512-o5D19Jy2XPFoX2rKApykY15et3Apgax00RRLf0RUotPDUsYrQa7x4howLYr9El2mlUApHmCMv5CZ1IXqKFQ2+g==",
      "dev": true,
      "requires": {
        "@types/express": "*",
        "@types/passport": "*"
      }
    },
    "@types/range-parser": {
      "version": "1.2.3",
      "resolved": "https://registry.npmjs.org/@types/range-parser/-/range-parser-1.2.3.tgz",
      "integrity": "sha512-ewFXqrQHlFsgc09MK5jP5iR7vumV/BYayNC6PgJO2LPe8vrnNFyjQjSppfEngITi0qvfKtzFvgKymGheFM9UOA==",
      "dev": true
    },
    "@types/serve-static": {
      "version": "1.13.3",
      "resolved": "https://registry.npmjs.org/@types/serve-static/-/serve-static-1.13.3.tgz",
      "integrity": "sha512-oprSwp094zOglVrXdlo/4bAHtKTAxX6VT8FOZlBKrmyLbNvE1zxZyJ6yikMVtHIvwP45+ZQGJn+FdXGKTozq0g==",
      "dev": true,
      "requires": {
        "@types/express-serve-static-core": "*",
        "@types/mime": "*"
      }
    },
    "express-validator": {
      "version": "6.2.0",
      "resolved": "https://registry.npmjs.org/express-validator/-/express-validator-6.2.0.tgz",
      "integrity": "sha512-892cPistoSPzMuoG2p1W+2ZxBi0bAvPaaYgXK1E1C8/QncLo2d1HbiDDWkXUtTthjGEzEmwiELLJHu1Ez2hOEg==",
      "dev": true,
      "requires": {
        "lodash": "^4.17.15",
        "validator": "^11.1.0"
      }
    },
    "lodash": {
      "version": "4.17.15",
      "resolved": "https://registry.npmjs.org/lodash/-/lodash-4.17.15.tgz",
      "integrity": "sha512-8xOcRHvCjnocdS5cpwXQXVzmmh5e5+saE2QGoeQmbKmRS6J3VQppPOIt0MnmE+4xlZoumy0GPG0D0MVIQbNA1A==",
      "dev": true
    },
    "validator": {
      "version": "11.1.0",
      "resolved": "https://registry.npmjs.org/validator/-/validator-11.1.0.tgz",
      "integrity": "sha512-qiQ5ktdO7CD6C/5/mYV4jku/7qnqzjrxb3C/Q5wR3vGGinHTgJZN/TdFT3ZX4vXhX2R1PXx42fB1cn5W+uJ4lg==",
      "dev": true
    }
  }
}
